// !$*UTF8*$!
{
	archiveVersion = 1;
	classes = {
	};
	objectVersion = 50;
	objects = {

/* Begin PBXBuildFile section */
		94B74B2922071260002F98DF /* SpriteKitDSL.framework in Frameworks */ = {isa = PBXBuildFile; fileRef = 94B74B2022071260002F98DF /* SpriteKitDSL.framework */; };
		94B74B2E22071260002F98DF /* iOS_SpriteKitDSLTests.swift in Sources */ = {isa = PBXBuildFile; fileRef = 94B74B2D22071260002F98DF /* iOS_SpriteKitDSLTests.swift */; };
		94B74B3022071261002F98DF /* iOS_SpriteKitDSL.h in Headers */ = {isa = PBXBuildFile; fileRef = 94B74B2222071260002F98DF /* iOS_SpriteKitDSL.h */; settings = {ATTRIBUTES = (Public, ); }; };
		94B74B4522071279002F98DF /* SpriteKitDSL.framework in Frameworks */ = {isa = PBXBuildFile; fileRef = 94B74B3C22071278002F98DF /* SpriteKitDSL.framework */; };
		94B74B4A22071279002F98DF /* macOS_SpriteKitDSLTests.swift in Sources */ = {isa = PBXBuildFile; fileRef = 94B74B4922071279002F98DF /* macOS_SpriteKitDSLTests.swift */; };
		94B74B4C22071279002F98DF /* macOS_SpriteKitDSL.h in Headers */ = {isa = PBXBuildFile; fileRef = 94B74B3E22071279002F98DF /* macOS_SpriteKitDSL.h */; settings = {ATTRIBUTES = (Public, ); }; };
		94B74B53220712F4002F98DF /* SKNode+DSL.swift in Sources */ = {isa = PBXBuildFile; fileRef = 94D5E3AA22024C7D00E24B9A /* SKNode+DSL.swift */; };
		94B74B54220712F7002F98DF /* SKNode+DSL.swift in Sources */ = {isa = PBXBuildFile; fileRef = 94D5E3AA22024C7D00E24B9A /* SKNode+DSL.swift */; };
		94B74B5822071305002F98DF /* SKPhysicsBody+DSL.swift in Sources */ = {isa = PBXBuildFile; fileRef = 94D5E3A822024C4200E24B9A /* SKPhysicsBody+DSL.swift */; };
		94B74B5922071306002F98DF /* SKPhysicsBody+DSL.swift in Sources */ = {isa = PBXBuildFile; fileRef = 94D5E3A822024C4200E24B9A /* SKPhysicsBody+DSL.swift */; };
		94B74B5A22071308002F98DF /* SKPhysicsBody+DSL.swift in Sources */ = {isa = PBXBuildFile; fileRef = 94D5E3A822024C4200E24B9A /* SKPhysicsBody+DSL.swift */; };
		94B74B5B22071309002F98DF /* SKPhysicsBody+DSL.swift in Sources */ = {isa = PBXBuildFile; fileRef = 94D5E3A822024C4200E24B9A /* SKPhysicsBody+DSL.swift */; };
		94B74B8B2207140C002F98DF /* SKSpriteNode+DSL.swift in Sources */ = {isa = PBXBuildFile; fileRef = 94B74B8A2207140C002F98DF /* SKSpriteNode+DSL.swift */; };
		94B74B8C2207140F002F98DF /* SKSpriteNode+DSL.swift in Sources */ = {isa = PBXBuildFile; fileRef = 94B74B8A2207140C002F98DF /* SKSpriteNode+DSL.swift */; };
		94B74B8E2207142D002F98DF /* SKLabelNode+DSL.swift in Sources */ = {isa = PBXBuildFile; fileRef = 94B74B8D2207142D002F98DF /* SKLabelNode+DSL.swift */; };
		94B74B8F22071430002F98DF /* SKLabelNode+DSL.swift in Sources */ = {isa = PBXBuildFile; fileRef = 94B74B8D2207142D002F98DF /* SKLabelNode+DSL.swift */; };
		94B74B9122071496002F98DF /* SKShapeNode+DSL.swift in Sources */ = {isa = PBXBuildFile; fileRef = 94B74B9022071496002F98DF /* SKShapeNode+DSL.swift */; };
		94B74B92220714B5002F98DF /* SKShapeNode+DSL.swift in Sources */ = {isa = PBXBuildFile; fileRef = 94B74B9022071496002F98DF /* SKShapeNode+DSL.swift */; };
/* End PBXBuildFile section */

/* Begin PBXContainerItemProxy section */
		94B74B2A22071260002F98DF /* PBXContainerItemProxy */ = {
			isa = PBXContainerItemProxy;
			containerPortal = 94D5E32E22023EA500E24B9A /* Project object */;
			proxyType = 1;
			remoteGlobalIDString = 94B74B1F22071260002F98DF;
			remoteInfo = iOS_SpriteKitDSL;
		};
		94B74B4622071279002F98DF /* PBXContainerItemProxy */ = {
			isa = PBXContainerItemProxy;
			containerPortal = 94D5E32E22023EA500E24B9A /* Project object */;
			proxyType = 1;
			remoteGlobalIDString = 94B74B3B22071278002F98DF;
			remoteInfo = macOS_SpriteKitDSL;
		};
/* End PBXContainerItemProxy section */

/* Begin PBXFileReference section */
		94B74A1E2205D278002F98DF /* README.md */ = {isa = PBXFileReference; lastKnownFileType = net.daringfireball.markdown; path = README.md; sourceTree = "<group>"; };
		94B74B2022071260002F98DF /* SpriteKitDSL.framework */ = {isa = PBXFileReference; explicitFileType = wrapper.framework; includeInIndex = 0; path = SpriteKitDSL.framework; sourceTree = BUILT_PRODUCTS_DIR; };
		94B74B2222071260002F98DF /* iOS_SpriteKitDSL.h */ = {isa = PBXFileReference; lastKnownFileType = sourcecode.c.h; path = iOS_SpriteKitDSL.h; sourceTree = "<group>"; };
		94B74B2322071260002F98DF /* Info.plist */ = {isa = PBXFileReference; lastKnownFileType = text.plist.xml; path = Info.plist; sourceTree = "<group>"; };
		94B74B2822071260002F98DF /* iOS_SpriteKitDSLTests.xctest */ = {isa = PBXFileReference; explicitFileType = wrapper.cfbundle; includeInIndex = 0; path = iOS_SpriteKitDSLTests.xctest; sourceTree = BUILT_PRODUCTS_DIR; };
		94B74B2D22071260002F98DF /* iOS_SpriteKitDSLTests.swift */ = {isa = PBXFileReference; lastKnownFileType = sourcecode.swift; path = iOS_SpriteKitDSLTests.swift; sourceTree = "<group>"; };
		94B74B2F22071261002F98DF /* Info.plist */ = {isa = PBXFileReference; lastKnownFileType = text.plist.xml; path = Info.plist; sourceTree = "<group>"; };
		94B74B3C22071278002F98DF /* SpriteKitDSL.framework */ = {isa = PBXFileReference; explicitFileType = wrapper.framework; includeInIndex = 0; path = SpriteKitDSL.framework; sourceTree = BUILT_PRODUCTS_DIR; };
		94B74B3E22071279002F98DF /* macOS_SpriteKitDSL.h */ = {isa = PBXFileReference; lastKnownFileType = sourcecode.c.h; path = macOS_SpriteKitDSL.h; sourceTree = "<group>"; };
		94B74B3F22071279002F98DF /* Info.plist */ = {isa = PBXFileReference; lastKnownFileType = text.plist.xml; path = Info.plist; sourceTree = "<group>"; };
		94B74B4422071279002F98DF /* macOS_SpriteKitDSLTests.xctest */ = {isa = PBXFileReference; explicitFileType = wrapper.cfbundle; includeInIndex = 0; path = macOS_SpriteKitDSLTests.xctest; sourceTree = BUILT_PRODUCTS_DIR; };
		94B74B4922071279002F98DF /* macOS_SpriteKitDSLTests.swift */ = {isa = PBXFileReference; lastKnownFileType = sourcecode.swift; path = macOS_SpriteKitDSLTests.swift; sourceTree = "<group>"; };
		94B74B4B22071279002F98DF /* Info.plist */ = {isa = PBXFileReference; lastKnownFileType = text.plist.xml; path = Info.plist; sourceTree = "<group>"; };
		94B74B8A2207140C002F98DF /* SKSpriteNode+DSL.swift */ = {isa = PBXFileReference; lastKnownFileType = sourcecode.swift; path = "SKSpriteNode+DSL.swift"; sourceTree = "<group>"; };
		94B74B8D2207142D002F98DF /* SKLabelNode+DSL.swift */ = {isa = PBXFileReference; lastKnownFileType = sourcecode.swift; path = "SKLabelNode+DSL.swift"; sourceTree = "<group>"; };
		94B74B9022071496002F98DF /* SKShapeNode+DSL.swift */ = {isa = PBXFileReference; lastKnownFileType = sourcecode.swift; path = "SKShapeNode+DSL.swift"; sourceTree = "<group>"; };
		94D5E3A822024C4200E24B9A /* SKPhysicsBody+DSL.swift */ = {isa = PBXFileReference; lastKnownFileType = sourcecode.swift; path = "SKPhysicsBody+DSL.swift"; sourceTree = "<group>"; };
		94D5E3AA22024C7D00E24B9A /* SKNode+DSL.swift */ = {isa = PBXFileReference; lastKnownFileType = sourcecode.swift; path = "SKNode+DSL.swift"; sourceTree = "<group>"; };
/* End PBXFileReference section */

/* Begin PBXFrameworksBuildPhase section */
		94B74B1D22071260002F98DF /* Frameworks */ = {
			isa = PBXFrameworksBuildPhase;
			buildActionMask = 2147483647;
			files = (
			);
			runOnlyForDeploymentPostprocessing = 0;
		};
		94B74B2522071260002F98DF /* Frameworks */ = {
			isa = PBXFrameworksBuildPhase;
			buildActionMask = 2147483647;
			files = (
				94B74B2922071260002F98DF /* SpriteKitDSL.framework in Frameworks */,
			);
			runOnlyForDeploymentPostprocessing = 0;
		};
		94B74B3922071278002F98DF /* Frameworks */ = {
			isa = PBXFrameworksBuildPhase;
			buildActionMask = 2147483647;
			files = (
			);
			runOnlyForDeploymentPostprocessing = 0;
		};
		94B74B4122071279002F98DF /* Frameworks */ = {
			isa = PBXFrameworksBuildPhase;
			buildActionMask = 2147483647;
			files = (
				94B74B4522071279002F98DF /* SpriteKitDSL.framework in Frameworks */,
			);
			runOnlyForDeploymentPostprocessing = 0;
		};
/* End PBXFrameworksBuildPhase section */

/* Begin PBXGroup section */
		94B74B2122071260002F98DF /* iOS_SpriteKitDSL */ = {
			isa = PBXGroup;
			children = (
				94B74B2222071260002F98DF /* iOS_SpriteKitDSL.h */,
				94B74B2322071260002F98DF /* Info.plist */,
			);
			path = iOS_SpriteKitDSL;
			sourceTree = "<group>";
		};
		94B74B2C22071260002F98DF /* iOS_SpriteKitDSLTests */ = {
			isa = PBXGroup;
			children = (
				94B74B2D22071260002F98DF /* iOS_SpriteKitDSLTests.swift */,
				94B74B2F22071261002F98DF /* Info.plist */,
			);
			path = iOS_SpriteKitDSLTests;
			sourceTree = "<group>";
		};
		94B74B3D22071279002F98DF /* macOS_SpriteKitDSL */ = {
			isa = PBXGroup;
			children = (
				94B74B3E22071279002F98DF /* macOS_SpriteKitDSL.h */,
				94B74B3F22071279002F98DF /* Info.plist */,
			);
			path = macOS_SpriteKitDSL;
			sourceTree = "<group>";
		};
		94B74B4822071279002F98DF /* macOS_SpriteKitDSLTests */ = {
			isa = PBXGroup;
			children = (
				94B74B4922071279002F98DF /* macOS_SpriteKitDSLTests.swift */,
				94B74B4B22071279002F98DF /* Info.plist */,
			);
			path = macOS_SpriteKitDSLTests;
			sourceTree = "<group>";
		};
		94D5E32D22023EA500E24B9A = {
			isa = PBXGroup;
			children = (
				94B74A1E2205D278002F98DF /* README.md */,
				94D5E3A722024C2A00E24B9A /* DSL */,
				94B74B2122071260002F98DF /* iOS_SpriteKitDSL */,
				94B74B2C22071260002F98DF /* iOS_SpriteKitDSLTests */,
				94B74B3D22071279002F98DF /* macOS_SpriteKitDSL */,
				94B74B4822071279002F98DF /* macOS_SpriteKitDSLTests */,
				94D5E33822023EA500E24B9A /* Products */,
			);
			sourceTree = "<group>";
		};
		94D5E33822023EA500E24B9A /* Products */ = {
			isa = PBXGroup;
			children = (
				94B74B2022071260002F98DF /* SpriteKitDSL.framework */,
				94B74B2822071260002F98DF /* iOS_SpriteKitDSLTests.xctest */,
				94B74B3C22071278002F98DF /* SpriteKitDSL.framework */,
				94B74B4422071279002F98DF /* macOS_SpriteKitDSLTests.xctest */,
			);
			name = Products;
			sourceTree = "<group>";
		};
		94D5E3A722024C2A00E24B9A /* DSL */ = {
			isa = PBXGroup;
			children = (
				94D5E3A822024C4200E24B9A /* SKPhysicsBody+DSL.swift */,
				94D5E3AA22024C7D00E24B9A /* SKNode+DSL.swift */,
				94B74B8D2207142D002F98DF /* SKLabelNode+DSL.swift */,
				94B74B8A2207140C002F98DF /* SKSpriteNode+DSL.swift */,
				94B74B9022071496002F98DF /* SKShapeNode+DSL.swift */,
			);
			path = DSL;
			sourceTree = "<group>";
		};
/* End PBXGroup section */

/* Begin PBXHeadersBuildPhase section */
		94B74B1B22071260002F98DF /* Headers */ = {
			isa = PBXHeadersBuildPhase;
			buildActionMask = 2147483647;
			files = (
				94B74B3022071261002F98DF /* iOS_SpriteKitDSL.h in Headers */,
			);
			runOnlyForDeploymentPostprocessing = 0;
		};
		94B74B3722071278002F98DF /* Headers */ = {
			isa = PBXHeadersBuildPhase;
			buildActionMask = 2147483647;
			files = (
				94B74B4C22071279002F98DF /* macOS_SpriteKitDSL.h in Headers */,
			);
			runOnlyForDeploymentPostprocessing = 0;
		};
/* End PBXHeadersBuildPhase section */

/* Begin PBXNativeTarget section */
		94B74B1F22071260002F98DF /* iOS_SpriteKitDSL */ = {
			isa = PBXNativeTarget;
			buildConfigurationList = 94B74B3122071261002F98DF /* Build configuration list for PBXNativeTarget "iOS_SpriteKitDSL" */;
			buildPhases = (
				94B74B1B22071260002F98DF /* Headers */,
				94B74B1C22071260002F98DF /* Sources */,
				94B74B1D22071260002F98DF /* Frameworks */,
				94B74B1E22071260002F98DF /* Resources */,
			);
			buildRules = (
			);
			dependencies = (
			);
			name = iOS_SpriteKitDSL;
			productName = iOS_SpriteKitDSL;
			productReference = 94B74B2022071260002F98DF /* SpriteKitDSL.framework */;
			productType = "com.apple.product-type.framework";
		};
		94B74B2722071260002F98DF /* iOS_SpriteKitDSLTests */ = {
			isa = PBXNativeTarget;
			buildConfigurationList = 94B74B3422071261002F98DF /* Build configuration list for PBXNativeTarget "iOS_SpriteKitDSLTests" */;
			buildPhases = (
				94B74B2422071260002F98DF /* Sources */,
				94B74B2522071260002F98DF /* Frameworks */,
				94B74B2622071260002F98DF /* Resources */,
			);
			buildRules = (
			);
			dependencies = (
				94B74B2B22071260002F98DF /* PBXTargetDependency */,
			);
			name = iOS_SpriteKitDSLTests;
			productName = iOS_SpriteKitDSLTests;
			productReference = 94B74B2822071260002F98DF /* iOS_SpriteKitDSLTests.xctest */;
			productType = "com.apple.product-type.bundle.unit-test";
		};
		94B74B3B22071278002F98DF /* macOS_SpriteKitDSL */ = {
			isa = PBXNativeTarget;
			buildConfigurationList = 94B74B4D22071279002F98DF /* Build configuration list for PBXNativeTarget "macOS_SpriteKitDSL" */;
			buildPhases = (
				94B74B3722071278002F98DF /* Headers */,
				94B74B3822071278002F98DF /* Sources */,
				94B74B3922071278002F98DF /* Frameworks */,
				94B74B3A22071278002F98DF /* Resources */,
			);
			buildRules = (
			);
			dependencies = (
			);
			name = macOS_SpriteKitDSL;
			productName = macOS_SpriteKitDSL;
			productReference = 94B74B3C22071278002F98DF /* SpriteKitDSL.framework */;
			productType = "com.apple.product-type.framework";
		};
		94B74B4322071279002F98DF /* macOS_SpriteKitDSLTests */ = {
			isa = PBXNativeTarget;
			buildConfigurationList = 94B74B5022071279002F98DF /* Build configuration list for PBXNativeTarget "macOS_SpriteKitDSLTests" */;
			buildPhases = (
				94B74B4022071279002F98DF /* Sources */,
				94B74B4122071279002F98DF /* Frameworks */,
				94B74B4222071279002F98DF /* Resources */,
			);
			buildRules = (
			);
			dependencies = (
				94B74B4722071279002F98DF /* PBXTargetDependency */,
			);
			name = macOS_SpriteKitDSLTests;
			productName = macOS_SpriteKitDSLTests;
			productReference = 94B74B4422071279002F98DF /* macOS_SpriteKitDSLTests.xctest */;
			productType = "com.apple.product-type.bundle.unit-test";
		};
/* End PBXNativeTarget section */

/* Begin PBXProject section */
		94D5E32E22023EA500E24B9A /* Project object */ = {
			isa = PBXProject;
			attributes = {
				LastSwiftUpdateCheck = 1010;
				LastUpgradeCheck = 1010;
				ORGANIZATIONNAME = "Maxim Volgin";
				TargetAttributes = {
					94B74B1F22071260002F98DF = {
						CreatedOnToolsVersion = 10.1;
						LastSwiftMigration = 1020;
					};
					94B74B2722071260002F98DF = {
						CreatedOnToolsVersion = 10.1;
						LastSwiftMigration = 1020;
					};
					94B74B3B22071278002F98DF = {
						CreatedOnToolsVersion = 10.1;
						LastSwiftMigration = 1020;
					};
					94B74B4322071279002F98DF = {
						CreatedOnToolsVersion = 10.1;
						LastSwiftMigration = 1020;
					};
				};
			};
			buildConfigurationList = 94D5E33122023EA500E24B9A /* Build configuration list for PBXProject "SpriteKitDSL" */;
			compatibilityVersion = "Xcode 9.3";
			developmentRegion = en;
			hasScannedForEncodings = 0;
			knownRegions = (
				en,
			);
			mainGroup = 94D5E32D22023EA500E24B9A;
			productRefGroup = 94D5E33822023EA500E24B9A /* Products */;
			projectDirPath = "";
			projectRoot = "";
			targets = (
				94B74B1F22071260002F98DF /* iOS_SpriteKitDSL */,
				94B74B2722071260002F98DF /* iOS_SpriteKitDSLTests */,
				94B74B3B22071278002F98DF /* macOS_SpriteKitDSL */,
				94B74B4322071279002F98DF /* macOS_SpriteKitDSLTests */,
			);
		};
/* End PBXProject section */

/* Begin PBXResourcesBuildPhase section */
		94B74B1E22071260002F98DF /* Resources */ = {
			isa = PBXResourcesBuildPhase;
			buildActionMask = 2147483647;
			files = (
			);
			runOnlyForDeploymentPostprocessing = 0;
		};
		94B74B2622071260002F98DF /* Resources */ = {
			isa = PBXResourcesBuildPhase;
			buildActionMask = 2147483647;
			files = (
			);
			runOnlyForDeploymentPostprocessing = 0;
		};
		94B74B3A22071278002F98DF /* Resources */ = {
			isa = PBXResourcesBuildPhase;
			buildActionMask = 2147483647;
			files = (
			);
			runOnlyForDeploymentPostprocessing = 0;
		};
		94B74B4222071279002F98DF /* Resources */ = {
			isa = PBXResourcesBuildPhase;
			buildActionMask = 2147483647;
			files = (
			);
			runOnlyForDeploymentPostprocessing = 0;
		};
/* End PBXResourcesBuildPhase section */

/* Begin PBXSourcesBuildPhase section */
		94B74B1C22071260002F98DF /* Sources */ = {
			isa = PBXSourcesBuildPhase;
			buildActionMask = 2147483647;
			files = (
				94B74B9122071496002F98DF /* SKShapeNode+DSL.swift in Sources */,
				94B74B53220712F4002F98DF /* SKNode+DSL.swift in Sources */,
				94B74B5822071305002F98DF /* SKPhysicsBody+DSL.swift in Sources */,
				94B74B8E2207142D002F98DF /* SKLabelNode+DSL.swift in Sources */,
				94B74B8B2207140C002F98DF /* SKSpriteNode+DSL.swift in Sources */,
			);
			runOnlyForDeploymentPostprocessing = 0;
		};
		94B74B2422071260002F98DF /* Sources */ = {
			isa = PBXSourcesBuildPhase;
			buildActionMask = 2147483647;
			files = (
				94B74B2E22071260002F98DF /* iOS_SpriteKitDSLTests.swift in Sources */,
				94B74B5922071306002F98DF /* SKPhysicsBody+DSL.swift in Sources */,
			);
			runOnlyForDeploymentPostprocessing = 0;
		};
		94B74B3822071278002F98DF /* Sources */ = {
			isa = PBXSourcesBuildPhase;
			buildActionMask = 2147483647;
			files = (
				94B74B92220714B5002F98DF /* SKShapeNode+DSL.swift in Sources */,
				94B74B54220712F7002F98DF /* SKNode+DSL.swift in Sources */,
				94B74B5A22071308002F98DF /* SKPhysicsBody+DSL.swift in Sources */,
				94B74B8F22071430002F98DF /* SKLabelNode+DSL.swift in Sources */,
				94B74B8C2207140F002F98DF /* SKSpriteNode+DSL.swift in Sources */,
			);
			runOnlyForDeploymentPostprocessing = 0;
		};
		94B74B4022071279002F98DF /* Sources */ = {
			isa = PBXSourcesBuildPhase;
			buildActionMask = 2147483647;
			files = (
				94B74B4A22071279002F98DF /* macOS_SpriteKitDSLTests.swift in Sources */,
				94B74B5B22071309002F98DF /* SKPhysicsBody+DSL.swift in Sources */,
			);
			runOnlyForDeploymentPostprocessing = 0;
		};
/* End PBXSourcesBuildPhase section */

/* Begin PBXTargetDependency section */
		94B74B2B22071260002F98DF /* PBXTargetDependency */ = {
			isa = PBXTargetDependency;
			target = 94B74B1F22071260002F98DF /* iOS_SpriteKitDSL */;
			targetProxy = 94B74B2A22071260002F98DF /* PBXContainerItemProxy */;
		};
		94B74B4722071279002F98DF /* PBXTargetDependency */ = {
			isa = PBXTargetDependency;
			target = 94B74B3B22071278002F98DF /* macOS_SpriteKitDSL */;
			targetProxy = 94B74B4622071279002F98DF /* PBXContainerItemProxy */;
		};
/* End PBXTargetDependency section */

/* Begin XCBuildConfiguration section */
		94B74B3222071261002F98DF /* Debug */ = {
			isa = XCBuildConfiguration;
			buildSettings = {
				CODE_SIGN_IDENTITY = "";
				CODE_SIGN_STYLE = Automatic;
				DEFINES_MODULE = YES;
				DYLIB_COMPATIBILITY_VERSION = 1;
				DYLIB_CURRENT_VERSION = 1;
				DYLIB_INSTALL_NAME_BASE = "@rpath";
				INFOPLIST_FILE = iOS_SpriteKitDSL/Info.plist;
				INSTALL_PATH = "$(LOCAL_LIBRARY_DIR)/Frameworks";
				LD_RUNPATH_SEARCH_PATHS = (
					"$(inherited)",
					"@executable_path/Frameworks",
					"@loader_path/Frameworks",
				);
				PRODUCT_BUNDLE_IDENTIFIER = maxvol.SpriteKitDSL;
				PRODUCT_NAME = "$(PROJECT_NAME)";
				SKIP_INSTALL = YES;
				SWIFT_VERSION = 5.0;
				TARGETED_DEVICE_FAMILY = "1,2";
			};
			name = Debug;
		};
		94B74B3322071261002F98DF /* Release */ = {
			isa = XCBuildConfiguration;
			buildSettings = {
				CODE_SIGN_IDENTITY = "";
				CODE_SIGN_STYLE = Automatic;
				DEFINES_MODULE = YES;
				DYLIB_COMPATIBILITY_VERSION = 1;
				DYLIB_CURRENT_VERSION = 1;
				DYLIB_INSTALL_NAME_BASE = "@rpath";
				INFOPLIST_FILE = iOS_SpriteKitDSL/Info.plist;
				INSTALL_PATH = "$(LOCAL_LIBRARY_DIR)/Frameworks";
				LD_RUNPATH_SEARCH_PATHS = (
					"$(inherited)",
					"@executable_path/Frameworks",
					"@loader_path/Frameworks",
				);
				PRODUCT_BUNDLE_IDENTIFIER = maxvol.SpriteKitDSL;
				PRODUCT_NAME = "$(PROJECT_NAME)";
				SKIP_INSTALL = YES;
				SWIFT_VERSION = 5.0;
				TARGETED_DEVICE_FAMILY = "1,2";
			};
			name = Release;
		};
		94B74B3522071261002F98DF /* Debug */ = {
			isa = XCBuildConfiguration;
			buildSettings = {
				ALWAYS_EMBED_SWIFT_STANDARD_LIBRARIES = YES;
				CODE_SIGN_STYLE = Automatic;
				DEVELOPMENT_TEAM = "";
				INFOPLIST_FILE = iOS_SpriteKitDSLTests/Info.plist;
				IPHONEOS_DEPLOYMENT_TARGET = 12.1;
				LD_RUNPATH_SEARCH_PATHS = (
					"$(inherited)",
					"@executable_path/Frameworks",
					"@loader_path/Frameworks",
				);
				PRODUCT_BUNDLE_IDENTIFIER = "maxvol.iOS-SpriteKitDSLTests";
				PRODUCT_NAME = "$(TARGET_NAME)";
				SWIFT_VERSION = 5.0;
				TARGETED_DEVICE_FAMILY = "1,2";
			};
			name = Debug;
		};
		94B74B3622071261002F98DF /* Release */ = {
			isa = XCBuildConfiguration;
			buildSettings = {
				ALWAYS_EMBED_SWIFT_STANDARD_LIBRARIES = YES;
				CODE_SIGN_STYLE = Automatic;
				DEVELOPMENT_TEAM = "";
				INFOPLIST_FILE = iOS_SpriteKitDSLTests/Info.plist;
				IPHONEOS_DEPLOYMENT_TARGET = 12.1;
				LD_RUNPATH_SEARCH_PATHS = (
					"$(inherited)",
					"@executable_path/Frameworks",
					"@loader_path/Frameworks",
				);
				PRODUCT_BUNDLE_IDENTIFIER = "maxvol.iOS-SpriteKitDSLTests";
				PRODUCT_NAME = "$(TARGET_NAME)";
				SWIFT_VERSION = 5.0;
				TARGETED_DEVICE_FAMILY = "1,2";
			};
			name = Release;
		};
		94B74B4E22071279002F98DF /* Debug */ = {
			isa = XCBuildConfiguration;
			buildSettings = {
				CODE_SIGN_IDENTITY = "-";
				CODE_SIGN_STYLE = Automatic;
				COMBINE_HIDPI_IMAGES = YES;
				DEFINES_MODULE = YES;
				DYLIB_COMPATIBILITY_VERSION = 1;
				DYLIB_CURRENT_VERSION = 1;
				DYLIB_INSTALL_NAME_BASE = "@rpath";
				FRAMEWORK_VERSION = A;
				INFOPLIST_FILE = macOS_SpriteKitDSL/Info.plist;
				INSTALL_PATH = "$(LOCAL_LIBRARY_DIR)/Frameworks";
				LD_RUNPATH_SEARCH_PATHS = (
					"$(inherited)",
					"@executable_path/../Frameworks",
					"@loader_path/Frameworks",
				);
				PRODUCT_BUNDLE_IDENTIFIER = maxvol.SpriteKitDSL;
				PRODUCT_NAME = "$(PROJECT_NAME)";
				SDKROOT = macosx;
				SKIP_INSTALL = YES;
				SWIFT_VERSION = 5.0;
			};
			name = Debug;
		};
		94B74B4F22071279002F98DF /* Release */ = {
			isa = XCBuildConfiguration;
			buildSettings = {
				CODE_SIGN_IDENTITY = "-";
				CODE_SIGN_STYLE = Automatic;
				COMBINE_HIDPI_IMAGES = YES;
				DEFINES_MODULE = YES;
				DYLIB_COMPATIBILITY_VERSION = 1;
				DYLIB_CURRENT_VERSION = 1;
				DYLIB_INSTALL_NAME_BASE = "@rpath";
				FRAMEWORK_VERSION = A;
				INFOPLIST_FILE = macOS_SpriteKitDSL/Info.plist;
				INSTALL_PATH = "$(LOCAL_LIBRARY_DIR)/Frameworks";
				LD_RUNPATH_SEARCH_PATHS = (
					"$(inherited)",
					"@executable_path/../Frameworks",
					"@loader_path/Frameworks",
				);
				PRODUCT_BUNDLE_IDENTIFIER = maxvol.SpriteKitDSL;
				PRODUCT_NAME = "$(PROJECT_NAME)";
				SDKROOT = macosx;
				SKIP_INSTALL = YES;
				SWIFT_VERSION = 5.0;
			};
			name = Release;
		};
		94B74B5122071279002F98DF /* Debug */ = {
			isa = XCBuildConfiguration;
			buildSettings = {
				ALWAYS_EMBED_SWIFT_STANDARD_LIBRARIES = YES;
				CODE_SIGN_IDENTITY = "-";
				CODE_SIGN_STYLE = Automatic;
				COMBINE_HIDPI_IMAGES = YES;
				DEVELOPMENT_TEAM = "";
				INFOPLIST_FILE = macOS_SpriteKitDSLTests/Info.plist;
				LD_RUNPATH_SEARCH_PATHS = (
					"$(inherited)",
					"@executable_path/../Frameworks",
					"@loader_path/../Frameworks",
				);
				MACOSX_DEPLOYMENT_TARGET = 10.13;
				PRODUCT_BUNDLE_IDENTIFIER = "maxvol.macOS-SpriteKitDSLTests";
				PRODUCT_NAME = "$(TARGET_NAME)";
				SDKROOT = macosx;
				SWIFT_VERSION = 5.0;
			};
			name = Debug;
		};
		94B74B5222071279002F98DF /* Release */ = {
			isa = XCBuildConfiguration;
			buildSettings = {
				ALWAYS_EMBED_SWIFT_STANDARD_LIBRARIES = YES;
				CODE_SIGN_IDENTITY = "-";
				CODE_SIGN_STYLE = Automatic;
				COMBINE_HIDPI_IMAGES = YES;
				DEVELOPMENT_TEAM = "";
				INFOPLIST_FILE = macOS_SpriteKitDSLTests/Info.plist;
				LD_RUNPATH_SEARCH_PATHS = (
					"$(inherited)",
					"@executable_path/../Frameworks",
					"@loader_path/../Frameworks",
				);
				MACOSX_DEPLOYMENT_TARGET = 10.13;
				PRODUCT_BUNDLE_IDENTIFIER = "maxvol.macOS-SpriteKitDSLTests";
				PRODUCT_NAME = "$(TARGET_NAME)";
				SDKROOT = macosx;
				SWIFT_VERSION = 5.0;
			};
			name = Release;
		};
		94D5E34922023EA500E24B9A /* Debug */ = {
			isa = XCBuildConfiguration;
			buildSettings = {
				ALWAYS_SEARCH_USER_PATHS = NO;
				CLANG_ANALYZER_NONNULL = YES;
				CLANG_ANALYZER_NUMBER_OBJECT_CONVERSION = YES_AGGRESSIVE;
				CLANG_CXX_LANGUAGE_STANDARD = "gnu++14";
				CLANG_CXX_LIBRARY = "libc++";
				CLANG_ENABLE_MODULES = YES;
				CLANG_ENABLE_OBJC_ARC = YES;
				CLANG_ENABLE_OBJC_WEAK = YES;
				CLANG_WARN_BLOCK_CAPTURE_AUTORELEASING = YES;
				CLANG_WARN_BOOL_CONVERSION = YES;
				CLANG_WARN_COMMA = YES;
				CLANG_WARN_CONSTANT_CONVERSION = YES;
				CLANG_WARN_DEPRECATED_OBJC_IMPLEMENTATIONS = YES;
				CLANG_WARN_DIRECT_OBJC_ISA_USAGE = YES_ERROR;
				CLANG_WARN_DOCUMENTATION_COMMENTS = YES;
				CLANG_WARN_EMPTY_BODY = YES;
				CLANG_WARN_ENUM_CONVERSION = YES;
				CLANG_WARN_INFINITE_RECURSION = YES;
				CLANG_WARN_INT_CONVERSION = YES;
				CLANG_WARN_NON_LITERAL_NULL_CONVERSION = YES;
				CLANG_WARN_OBJC_IMPLICIT_RETAIN_SELF = YES;
				CLANG_WARN_OBJC_LITERAL_CONVERSION = YES;
				CLANG_WARN_OBJC_ROOT_CLASS = YES_ERROR;
				CLANG_WARN_RANGE_LOOP_ANALYSIS = YES;
				CLANG_WARN_STRICT_PROTOTYPES = YES;
				CLANG_WARN_SUSPICIOUS_MOVE = YES;
				CLANG_WARN_UNGUARDED_AVAILABILITY = YES_AGGRESSIVE;
				CLANG_WARN_UNREACHABLE_CODE = YES;
				CLANG_WARN__DUPLICATE_METHOD_MATCH = YES;
				CODE_SIGN_IDENTITY = "iPhone Developer";
				COPY_PHASE_STRIP = NO;
				CURRENT_PROJECT_VERSION = 1;
				DEBUG_INFORMATION_FORMAT = dwarf;
				ENABLE_STRICT_OBJC_MSGSEND = YES;
				ENABLE_TESTABILITY = YES;
				GCC_C_LANGUAGE_STANDARD = gnu11;
				GCC_DYNAMIC_NO_PIC = NO;
				GCC_NO_COMMON_BLOCKS = YES;
				GCC_OPTIMIZATION_LEVEL = 0;
				GCC_PREPROCESSOR_DEFINITIONS = (
					"DEBUG=1",
					"$(inherited)",
				);
				GCC_WARN_64_TO_32_BIT_CONVERSION = YES;
				GCC_WARN_ABOUT_RETURN_TYPE = YES_ERROR;
				GCC_WARN_UNDECLARED_SELECTOR = YES;
				GCC_WARN_UNINITIALIZED_AUTOS = YES_AGGRESSIVE;
				GCC_WARN_UNUSED_FUNCTION = YES;
				GCC_WARN_UNUSED_VARIABLE = YES;
				IPHONEOS_DEPLOYMENT_TARGET = 11.0;
				MACOSX_DEPLOYMENT_TARGET = 10.13;
				MTL_ENABLE_DEBUG_INFO = INCLUDE_SOURCE;
				MTL_FAST_MATH = YES;
				ONLY_ACTIVE_ARCH = YES;
				SDKROOT = iphoneos;
				SWIFT_ACTIVE_COMPILATION_CONDITIONS = DEBUG;
				SWIFT_OPTIMIZATION_LEVEL = "-Onone";
				VERSIONING_SYSTEM = "apple-generic";
				VERSION_INFO_PREFIX = "";
			};
			name = Debug;
		};
		94D5E34A22023EA500E24B9A /* Release */ = {
			isa = XCBuildConfiguration;
			buildSettings = {
				ALWAYS_SEARCH_USER_PATHS = NO;
				CLANG_ANALYZER_NONNULL = YES;
				CLANG_ANALYZER_NUMBER_OBJECT_CONVERSION = YES_AGGRESSIVE;
				CLANG_CXX_LANGUAGE_STANDARD = "gnu++14";
				CLANG_CXX_LIBRARY = "libc++";
				CLANG_ENABLE_MODULES = YES;
				CLANG_ENABLE_OBJC_ARC = YES;
				CLANG_ENABLE_OBJC_WEAK = YES;
				CLANG_WARN_BLOCK_CAPTURE_AUTORELEASING = YES;
				CLANG_WARN_BOOL_CONVERSION = YES;
				CLANG_WARN_COMMA = YES;
				CLANG_WARN_CONSTANT_CONVERSION = YES;
				CLANG_WARN_DEPRECATED_OBJC_IMPLEMENTATIONS = YES;
				CLANG_WARN_DIRECT_OBJC_ISA_USAGE = YES_ERROR;
				CLANG_WARN_DOCUMENTATION_COMMENTS = YES;
				CLANG_WARN_EMPTY_BODY = YES;
				CLANG_WARN_ENUM_CONVERSION = YES;
				CLANG_WARN_INFINITE_RECURSION = YES;
				CLANG_WARN_INT_CONVERSION = YES;
				CLANG_WARN_NON_LITERAL_NULL_CONVERSION = YES;
				CLANG_WARN_OBJC_IMPLICIT_RETAIN_SELF = YES;
				CLANG_WARN_OBJC_LITERAL_CONVERSION = YES;
				CLANG_WARN_OBJC_ROOT_CLASS = YES_ERROR;
				CLANG_WARN_RANGE_LOOP_ANALYSIS = YES;
				CLANG_WARN_STRICT_PROTOTYPES = YES;
				CLANG_WARN_SUSPICIOUS_MOVE = YES;
				CLANG_WARN_UNGUARDED_AVAILABILITY = YES_AGGRESSIVE;
				CLANG_WARN_UNREACHABLE_CODE = YES;
				CLANG_WARN__DUPLICATE_METHOD_MATCH = YES;
				CODE_SIGN_IDENTITY = "iPhone Developer";
				COPY_PHASE_STRIP = NO;
				CURRENT_PROJECT_VERSION = 1;
				DEBUG_INFORMATION_FORMAT = "dwarf-with-dsym";
				ENABLE_NS_ASSERTIONS = NO;
				ENABLE_STRICT_OBJC_MSGSEND = YES;
				GCC_C_LANGUAGE_STANDARD = gnu11;
				GCC_NO_COMMON_BLOCKS = YES;
				GCC_WARN_64_TO_32_BIT_CONVERSION = YES;
				GCC_WARN_ABOUT_RETURN_TYPE = YES_ERROR;
				GCC_WARN_UNDECLARED_SELECTOR = YES;
				GCC_WARN_UNINITIALIZED_AUTOS = YES_AGGRESSIVE;
				GCC_WARN_UNUSED_FUNCTION = YES;
				GCC_WARN_UNUSED_VARIABLE = YES;
				IPHONEOS_DEPLOYMENT_TARGET = 11.0;
				MACOSX_DEPLOYMENT_TARGET = 10.13;
				MTL_ENABLE_DEBUG_INFO = NO;
				MTL_FAST_MATH = YES;
				SDKROOT = iphoneos;
				SWIFT_COMPILATION_MODE = wholemodule;
				SWIFT_OPTIMIZATION_LEVEL = "-O";
				VALIDATE_PRODUCT = YES;
				VERSIONING_SYSTEM = "apple-generic";
				VERSION_INFO_PREFIX = "";
			};
			name = Release;
		};
/* End XCBuildConfiguration section */

/* Begin XCConfigurationList section */
		94B74B3122071261002F98DF /* Build configuration list for PBXNativeTarget "iOS_SpriteKitDSL" */ = {
			isa = XCConfigurationList;
			buildConfigurations = (
				94B74B3222071261002F98DF /* Debug */,
				94B74B3322071261002F98DF /* Release */,
			);
			defaultConfigurationIsVisible = 0;
			defaultConfigurationName = Release;
		};
		94B74B3422071261002F98DF /* Build configuration list for PBXNativeTarget "iOS_SpriteKitDSLTests" */ = {
			isa = XCConfigurationList;
			buildConfigurations = (
				94B74B3522071261002F98DF /* Debug */,
				94B74B3622071261002F98DF /* Release */,
			);
			defaultConfigurationIsVisible = 0;
			defaultConfigurationName = Release;
		};
		94B74B4D22071279002F98DF /* Build configuration list for PBXNativeTarget "macOS_SpriteKitDSL" */ = {
			isa = XCConfigurationList;
			buildConfigurations = (
				94B74B4E22071279002F98DF /* Debug */,
				94B74B4F22071279002F98DF /* Release */,
			);
			defaultConfigurationIsVisible = 0;
			defaultConfigurationName = Release;
		};
		94B74B5022071279002F98DF /* Build configuration list for PBXNativeTarget "macOS_SpriteKitDSLTests" */ = {
			isa = XCConfigurationList;
			buildConfigurations = (
				94B74B5122071279002F98DF /* Debug */,
				94B74B5222071279002F98DF /* Release */,
			);
			defaultConfigurationIsVisible = 0;
			defaultConfigurationName = Release;
		};
		94D5E33122023EA500E24B9A /* Build configuration list for PBXProject "SpriteKitDSL" */ = {
			isa = XCConfigurationList;
			buildConfigurations = (
				94D5E34922023EA500E24B9A /* Debug */,
				94D5E34A22023EA500E24B9A /* Release */,
			);
			defaultConfigurationIsVisible = 0;
			defaultConfigurationName = Release;
		};
/* End XCConfigurationList section */
	};
	rootObject = 94D5E32E22023EA500E24B9A /* Project object */;
}
